
Microsoft Visual Studio Solution File, Format Version 12.00
# Visual Studio Version 17
VisualStudioVersion = 17.8.34525.116
MinimumVisualStudioVersion = 10.0.40219.1
Project("{9A19103F-16F7-4668-BE54-9A1E7A4F7556}") = "Entities", "Entities\Entities.csproj", "{A44AC3C6-B369-4618-8003-D4F208E947A7}"
EndProject
Project("{9A19103F-16F7-4668-BE54-9A1E7A4F7556}") = "DataAccess", "DataAccess\DataAccess.csproj", "{37911F64-68F3-45A7-83D8-5E0C10AD071B}"
EndProject
Project("{9A19103F-16F7-4668-BE54-9A1E7A4F7556}") = "Business", "Business\Business.csproj", "{621DCB12-5BFD-4C3A-AFAC-B8D07948EBF6}"
EndProject
Project("{9A19103F-16F7-4668-BE54-9A1E7A4F7556}") = "Core", "Core\Core.csproj", "{BDE47537-F9EF-49FB-9DEC-5DCAC7153B47}"
EndProject
Project("{9A19103F-16F7-4668-BE54-9A1E7A4F7556}") = "WebAPI", "WebAPI\WebAPI.csproj", "{9D1C4EE6-3C27-4C1A-8505-E00209A46FA5}"
EndProject
Global
	GlobalSection(SolutionConfigurationPlatforms) = preSolution
		Debug|Any CPU = Debug|Any CPU
		Release|Any CPU = Release|Any CPU
	EndGlobalSection
	GlobalSection(ProjectConfigurationPlatforms) = postSolution
		{A44AC3C6-B369-4618-8003-D4F208E947A7}.Debug|Any CPU.ActiveCfg = Debug|Any CPU
		{A44AC3C6-B369-4618-8003-D4F208E947A7}.Debug|Any CPU.Build.0 = Debug|Any CPU
		{A44AC3C6-B369-4618-8003-D4F208E947A7}.Release|Any CPU.ActiveCfg = Release|Any CPU
		{A44AC3C6-B369-4618-8003-D4F208E947A7}.Release|Any CPU.Build.0 = Release|Any CPU
		{37911F64-68F3-45A7-83D8-5E0C10AD071B}.Debug|Any CPU.ActiveCfg = Debug|Any CPU
		{37911F64-68F3-45A7-83D8-5E0C10AD071B}.Debug|Any CPU.Build.0 = Debug|Any CPU
		{37911F64-68F3-45A7-83D8-5E0C10AD071B}.Release|Any CPU.ActiveCfg = Release|Any CPU
		{37911F64-68F3-45A7-83D8-5E0C10AD071B}.Release|Any CPU.Build.0 = Release|Any CPU
		{621DCB12-5BFD-4C3A-AFAC-B8D07948EBF6}.Debug|Any CPU.ActiveCfg = Debug|Any CPU
		{621DCB12-5BFD-4C3A-AFAC-B8D07948EBF6}.Debug|Any CPU.Build.0 = Debug|Any CPU
		{621DCB12-5BFD-4C3A-AFAC-B8D07948EBF6}.Release|Any CPU.ActiveCfg = Release|Any CPU
		{621DCB12-5BFD-4C3A-AFAC-B8D07948EBF6}.Release|Any CPU.Build.0 = Release|Any CPU
		{BDE47537-F9EF-49FB-9DEC-5DCAC7153B47}.Debug|Any CPU.ActiveCfg = Debug|Any CPU
		{BDE47537-F9EF-49FB-9DEC-5DCAC7153B47}.Debug|Any CPU.Build.0 = Debug|Any CPU
		{BDE47537-F9EF-49FB-9DEC-5DCAC7153B47}.Release|Any CPU.ActiveCfg = Release|Any CPU
		{BDE47537-F9EF-49FB-9DEC-5DCAC7153B47}.Release|Any CPU.Build.0 = Release|Any CPU
		{9D1C4EE6-3C27-4C1A-8505-E00209A46FA5}.Debug|Any CPU.ActiveCfg = Debug|Any CPU
		{9D1C4EE6-3C27-4C1A-8505-E00209A46FA5}.Debug|Any CPU.Build.0 = Debug|Any CPU
		{9D1C4EE6-3C27-4C1A-8505-E00209A46FA5}.Release|Any CPU.ActiveCfg = Release|Any CPU
		{9D1C4EE6-3C27-4C1A-8505-E00209A46FA5}.Release|Any CPU.Build.0 = Release|Any CPU
	EndGlobalSection
	GlobalSection(SolutionProperties) = preSolution
		HideSolutionNode = FALSE
	EndGlobalSection
	GlobalSection(ExtensibilityGlobals) = postSolution
		SolutionGuid = {3C4CFB38-A625-49EE-962D-A1288D5AE3C7}
	EndGlobalSection
EndGlobal
